// !$*UTF8*$!
{
	archiveVersion = 1;
	classes = {
	};
	objectVersion = 56;
	objects = {

/* Begin PBXBuildFile section */
		00262F0A2E768580004EC4C8 /* TransactionView.swift in Sources */ = {isa = PBXBuildFile; fileRef = 00262F092E768577004EC4C8 /* TransactionView.swift */; };
		003D8B872E74E472001ACCF7 /* RecurringTransactionsService.swift in Sources */ = {isa = PBXBuildFile; fileRef = 003D8B862E74E465001ACCF7 /* RecurringTransactionsService.swift */; };
		003D8B892E74E550001ACCF7 /* ReviewRecurringTransactionView.swift in Sources */ = {isa = PBXBuildFile; fileRef = 003D8B882E74E549001ACCF7 /* ReviewRecurringTransactionView.swift */; };
		005F1FDA2E7670F800851FF7 /* SpendingAnalyticsView.swift in Sources */ = {isa = PBXBuildFile; fileRef = 005F1FD92E7670F200851FF7 /* SpendingAnalyticsView.swift */; };
		005F1FDC2E76710D00851FF7 /* SavingsAnalyticsView.swift in Sources */ = {isa = PBXBuildFile; fileRef = 005F1FDB2E76710500851FF7 /* SavingsAnalyticsView.swift */; };
		005F1FDE2E76712000851FF7 /* TrendsAnalyticsView.swift in Sources */ = {isa = PBXBuildFile; fileRef = 005F1FDD2E76711C00851FF7 /* TrendsAnalyticsView.swift */; };
		00775F732E76349D003D3225 /* HistoricalSavingsView.swift in Sources */ = {isa = PBXBuildFile; fileRef = 00775F722E76349A003D3225 /* HistoricalSavingsView.swift */; };
		00775F752E764EBB003D3225 /* SavingsHistoryListView.swift in Sources */ = {isa = PBXBuildFile; fileRef = 00775F742E764EA5003D3225 /* SavingsHistoryListView.swift */; };
		00827B922E726C9400B9442A /* ReceiptScannerView.swift in Sources */ = {isa = PBXBuildFile; fileRef = 00827B912E726C8F00B9442A /* ReceiptScannerView.swift */; };
		00827B942E72791200B9442A /* ReviewTransactionView.swift in Sources */ = {isa = PBXBuildFile; fileRef = 00827B932E72790C00B9442A /* ReviewTransactionView.swift */; };
		009469062E73BC04009F7EC0 /* RecurringCalendar.swift in Sources */ = {isa = PBXBuildFile; fileRef = 009469052E73BC00009F7EC0 /* RecurringCalendar.swift */; };
		0094690A2E73C8C2009F7EC0 /* UpcomingPaymentsSheet.swift in Sources */ = {isa = PBXBuildFile; fileRef = 009469092E73C8BC009F7EC0 /* UpcomingPaymentsSheet.swift */; };
		00B5B56D2E7900A40027EAC7 /* CategoryService.swift in Sources */ = {isa = PBXBuildFile; fileRef = 00B5B56C2E79009F0027EAC7 /* CategoryService.swift */; };
		00CD33392E73604000313283 /* ReceiptOCR.swift in Sources */ = {isa = PBXBuildFile; fileRef = 00CD33382E73603D00313283 /* ReceiptOCR.swift */; };
		00CD333B2E737B9700313283 /* Categorizer.swift in Sources */ = {isa = PBXBuildFile; fileRef = 00CD333A2E737B9400313283 /* Categorizer.swift */; };
		00CD333D2E73808300313283 /* MerchantLexicon.swift in Sources */ = {isa = PBXBuildFile; fileRef = 00CD333C2E73808000313283 /* MerchantLexicon.swift */; };
		00CD333F2E73964300313283 /* TransactionsService.swift in Sources */ = {isa = PBXBuildFile; fileRef = 00CD333E2E73963E00313283 /* TransactionsService.swift */; };
		00CD33412E73993700313283 /* TransactionsSkeletonList.swift in Sources */ = {isa = PBXBuildFile; fileRef = 00CD33402E73993200313283 /* TransactionsSkeletonList.swift */; };
		00D92B9E2E70FD9A00EDD565 /* FloatingGhostView.swift in Sources */ = {isa = PBXBuildFile; fileRef = 00D92B9D2E70FD9300EDD565 /* FloatingGhostView.swift */; };
		00D92BA22E70FF5E00EDD565 /* Auth in Frameworks */ = {isa = PBXBuildFile; productRef = 00D92BA12E70FF5E00EDD565 /* Auth */; };
		00D92BA42E70FF5E00EDD565 /* Functions in Frameworks */ = {isa = PBXBuildFile; productRef = 00D92BA32E70FF5E00EDD565 /* Functions */; };
		00D92BA62E70FF5E00EDD565 /* PostgREST in Frameworks */ = {isa = PBXBuildFile; productRef = 00D92BA52E70FF5E00EDD565 /* PostgREST */; };
		00D92BA82E70FF5E00EDD565 /* Realtime in Frameworks */ = {isa = PBXBuildFile; productRef = 00D92BA72E70FF5E00EDD565 /* Realtime */; };
		00D92BAA2E70FF5E00EDD565 /* Storage in Frameworks */ = {isa = PBXBuildFile; productRef = 00D92BA92E70FF5E00EDD565 /* Storage */; };
		00D92BAC2E70FF5E00EDD565 /* Supabase in Frameworks */ = {isa = PBXBuildFile; productRef = 00D92BAB2E70FF5E00EDD565 /* Supabase */; };
		00D92BAF2E72066700EDD565 /* SessionStore.swift in Sources */ = {isa = PBXBuildFile; fileRef = 00D92BAE2E72066300EDD565 /* SessionStore.swift */; };
		00D92BB12E72084700EDD565 /* RootView.swift in Sources */ = {isa = PBXBuildFile; fileRef = 00D92BB02E72084300EDD565 /* RootView.swift */; };
		00D92BB52E72196C00EDD565 /* MainTabView.swift in Sources */ = {isa = PBXBuildFile; fileRef = 00D92BB42E72196700EDD565 /* MainTabView.swift */; };
		00D92BB72E72233700EDD565 /* HomeTab.swift in Sources */ = {isa = PBXBuildFile; fileRef = 00D92BB62E72232800EDD565 /* HomeTab.swift */; };
		00D92BB92E7223A000EDD565 /* RecurringTab.swift in Sources */ = {isa = PBXBuildFile; fileRef = 00D92BB82E72239C00EDD565 /* RecurringTab.swift */; };
		00D92BBB2E7223C800EDD565 /* SavingsTab.swift in Sources */ = {isa = PBXBuildFile; fileRef = 00D92BBA2E7223C300EDD565 /* SavingsTab.swift */; };
		00D92BBD2E7223F400EDD565 /* AnalyticsTab.swift in Sources */ = {isa = PBXBuildFile; fileRef = 00D92BBC2E7223EB00EDD565 /* AnalyticsTab.swift */; };
		00D92BBF2E72281700EDD565 /* OnboardingView.swift in Sources */ = {isa = PBXBuildFile; fileRef = 00D92BBE2E72281300EDD565 /* OnboardingView.swift */; };
		00D92BC12E722F0100EDD565 /* TransactionsList.swift in Sources */ = {isa = PBXBuildFile; fileRef = 00D92BC02E722EFD00EDD565 /* TransactionsList.swift */; };
		00D92BC32E7236D100EDD565 /* Overview.swift in Sources */ = {isa = PBXBuildFile; fileRef = 00D92BC22E7236CF00EDD565 /* Overview.swift */; };
		00DB88AD2E75EFE700201B12 /* MonthlySavings.swift in Sources */ = {isa = PBXBuildFile; fileRef = 00DB88AC2E75EFE300201B12 /* MonthlySavings.swift */; };
		00DB88AF2E75F72900201B12 /* ReviewIncomeView.swift in Sources */ = {isa = PBXBuildFile; fileRef = 00DB88AE2E75F72500201B12 /* ReviewIncomeView.swift */; };
		00DB88B12E76033200201B12 /* CategoryIcons.swift in Sources */ = {isa = PBXBuildFile; fileRef = 00DB88B02E76032F00201B12 /* CategoryIcons.swift */; };
		00F579112E70AB190041A410 /* ghostbillApp.swift in Sources */ = {isa = PBXBuildFile; fileRef = 00F579102E70AB190041A410 /* ghostbillApp.swift */; };
		00F579132E70AB190041A410 /* ContentView.swift in Sources */ = {isa = PBXBuildFile; fileRef = 00F579122E70AB190041A410 /* ContentView.swift */; };
		00F579152E70AB1B0041A410 /* Assets.xcassets in Resources */ = {isa = PBXBuildFile; fileRef = 00F579142E70AB1B0041A410 /* Assets.xcassets */; };
		00F579182E70AB1B0041A410 /* Preview Assets.xcassets in Resources */ = {isa = PBXBuildFile; fileRef = 00F579172E70AB1B0041A410 /* Preview Assets.xcassets */; };
		00F579222E70AB1C0041A410 /* ghostbillTests.swift in Sources */ = {isa = PBXBuildFile; fileRef = 00F579212E70AB1C0041A410 /* ghostbillTests.swift */; };
		00F5792C2E70AB1C0041A410 /* ghostbillUITests.swift in Sources */ = {isa = PBXBuildFile; fileRef = 00F5792B2E70AB1C0041A410 /* ghostbillUITests.swift */; };
		00F5792E2E70AB1C0041A410 /* ghostbillUITestsLaunchTests.swift in Sources */ = {isa = PBXBuildFile; fileRef = 00F5792D2E70AB1C0041A410 /* ghostbillUITestsLaunchTests.swift */; };
		00F5793C2E70BDC90041A410 /* Config.plist in Resources */ = {isa = PBXBuildFile; fileRef = 00F5793B2E70BDC90041A410 /* Config.plist */; };
		00F5793E2E70C1450041A410 /* AppConfig.swift in Sources */ = {isa = PBXBuildFile; fileRef = 00F5793D2E70C1450041A410 /* AppConfig.swift */; };
/* End PBXBuildFile section */

/* Begin PBXContainerItemProxy section */
		00F5791E2E70AB1C0041A410 /* PBXContainerItemProxy */ = {
			isa = PBXContainerItemProxy;
			containerPortal = 00F579052E70AB190041A410 /* Project object */;
			proxyType = 1;
			remoteGlobalIDString = 00F5790C2E70AB190041A410;
			remoteInfo = ghostbill;
		};
		00F579282E70AB1C0041A410 /* PBXContainerItemProxy */ = {
			isa = PBXContainerItemProxy;
			containerPortal = 00F579052E70AB190041A410 /* Project object */;
			proxyType = 1;
			remoteGlobalIDString = 00F5790C2E70AB190041A410;
			remoteInfo = ghostbill;
		};
/* End PBXContainerItemProxy section */

/* Begin PBXFileReference section */
		00262F092E768577004EC4C8 /* TransactionView.swift */ = {isa = PBXFileReference; lastKnownFileType = sourcecode.swift; path = TransactionView.swift; sourceTree = "<group>"; };
		003D8B862E74E465001ACCF7 /* RecurringTransactionsService.swift */ = {isa = PBXFileReference; lastKnownFileType = sourcecode.swift; path = RecurringTransactionsService.swift; sourceTree = "<group>"; };
		003D8B882E74E549001ACCF7 /* ReviewRecurringTransactionView.swift */ = {isa = PBXFileReference; lastKnownFileType = sourcecode.swift; path = ReviewRecurringTransactionView.swift; sourceTree = "<group>"; };
		005F1FD92E7670F200851FF7 /* SpendingAnalyticsView.swift */ = {isa = PBXFileReference; lastKnownFileType = sourcecode.swift; path = SpendingAnalyticsView.swift; sourceTree = "<group>"; };
		005F1FDB2E76710500851FF7 /* SavingsAnalyticsView.swift */ = {isa = PBXFileReference; lastKnownFileType = sourcecode.swift; path = SavingsAnalyticsView.swift; sourceTree = "<group>"; };
		005F1FDD2E76711C00851FF7 /* TrendsAnalyticsView.swift */ = {isa = PBXFileReference; lastKnownFileType = sourcecode.swift; path = TrendsAnalyticsView.swift; sourceTree = "<group>"; };
		00775F722E76349A003D3225 /* HistoricalSavingsView.swift */ = {isa = PBXFileReference; lastKnownFileType = sourcecode.swift; path = HistoricalSavingsView.swift; sourceTree = "<group>"; };
		00775F742E764EA5003D3225 /* SavingsHistoryListView.swift */ = {isa = PBXFileReference; lastKnownFileType = sourcecode.swift; path = SavingsHistoryListView.swift; sourceTree = "<group>"; };
		00827B912E726C8F00B9442A /* ReceiptScannerView.swift */ = {isa = PBXFileReference; lastKnownFileType = sourcecode.swift; path = ReceiptScannerView.swift; sourceTree = "<group>"; };
		00827B932E72790C00B9442A /* ReviewTransactionView.swift */ = {isa = PBXFileReference; lastKnownFileType = sourcecode.swift; path = ReviewTransactionView.swift; sourceTree = "<group>"; };
		009469042E73BBDC009F7EC0 /* Untitled.swift */ = {isa = PBXFileReference; lastKnownFileType = sourcecode.swift; path = Untitled.swift; sourceTree = "<group>"; };
		009469052E73BC00009F7EC0 /* RecurringCalendar.swift */ = {isa = PBXFileReference; lastKnownFileType = sourcecode.swift; path = RecurringCalendar.swift; sourceTree = "<group>"; };
		009469092E73C8BC009F7EC0 /* UpcomingPaymentsSheet.swift */ = {isa = PBXFileReference; lastKnownFileType = sourcecode.swift; path = UpcomingPaymentsSheet.swift; sourceTree = "<group>"; };
		00B5B56C2E79009F0027EAC7 /* CategoryService.swift */ = {isa = PBXFileReference; lastKnownFileType = sourcecode.swift; path = CategoryService.swift; sourceTree = "<group>"; };
		00CD33382E73603D00313283 /* ReceiptOCR.swift */ = {isa = PBXFileReference; lastKnownFileType = sourcecode.swift; path = ReceiptOCR.swift; sourceTree = "<group>"; };
		00CD333A2E737B9400313283 /* Categorizer.swift */ = {isa = PBXFileReference; lastKnownFileType = sourcecode.swift; path = Categorizer.swift; sourceTree = "<group>"; };
		00CD333C2E73808000313283 /* MerchantLexicon.swift */ = {isa = PBXFileReference; lastKnownFileType = sourcecode.swift; path = MerchantLexicon.swift; sourceTree = "<group>"; };
		00CD333E2E73963E00313283 /* TransactionsService.swift */ = {isa = PBXFileReference; lastKnownFileType = sourcecode.swift; path = TransactionsService.swift; sourceTree = "<group>"; };
		00CD33402E73993200313283 /* TransactionsSkeletonList.swift */ = {isa = PBXFileReference; lastKnownFileType = sourcecode.swift; path = TransactionsSkeletonList.swift; sourceTree = "<group>"; };
		00D92B9D2E70FD9300EDD565 /* FloatingGhostView.swift */ = {isa = PBXFileReference; lastKnownFileType = sourcecode.swift; path = FloatingGhostView.swift; sourceTree = "<group>"; };
		00D92BAD2E71FA2700EDD565 /* Info.plist */ = {isa = PBXFileReference; lastKnownFileType = text.plist; path = Info.plist; sourceTree = "<group>"; };
		00D92BAE2E72066300EDD565 /* SessionStore.swift */ = {isa = PBXFileReference; lastKnownFileType = sourcecode.swift; path = SessionStore.swift; sourceTree = "<group>"; };
		00D92BB02E72084300EDD565 /* RootView.swift */ = {isa = PBXFileReference; lastKnownFileType = sourcecode.swift; path = RootView.swift; sourceTree = "<group>"; };
		00D92BB42E72196700EDD565 /* MainTabView.swift */ = {isa = PBXFileReference; lastKnownFileType = sourcecode.swift; path = MainTabView.swift; sourceTree = "<group>"; };
		00D92BB62E72232800EDD565 /* HomeTab.swift */ = {isa = PBXFileReference; lastKnownFileType = sourcecode.swift; path = HomeTab.swift; sourceTree = "<group>"; };
		00D92BB82E72239C00EDD565 /* RecurringTab.swift */ = {isa = PBXFileReference; lastKnownFileType = sourcecode.swift; path = RecurringTab.swift; sourceTree = "<group>"; };
		00D92BBA2E7223C300EDD565 /* SavingsTab.swift */ = {isa = PBXFileReference; lastKnownFileType = sourcecode.swift; path = SavingsTab.swift; sourceTree = "<group>"; };
		00D92BBC2E7223EB00EDD565 /* AnalyticsTab.swift */ = {isa = PBXFileReference; lastKnownFileType = sourcecode.swift; path = AnalyticsTab.swift; sourceTree = "<group>"; };
		00D92BBE2E72281300EDD565 /* OnboardingView.swift */ = {isa = PBXFileReference; lastKnownFileType = sourcecode.swift; path = OnboardingView.swift; sourceTree = "<group>"; };
		00D92BC02E722EFD00EDD565 /* TransactionsList.swift */ = {isa = PBXFileReference; lastKnownFileType = sourcecode.swift; path = TransactionsList.swift; sourceTree = "<group>"; };
		00D92BC22E7236CF00EDD565 /* Overview.swift */ = {isa = PBXFileReference; lastKnownFileType = sourcecode.swift; path = Overview.swift; sourceTree = "<group>"; };
		00DB88AC2E75EFE300201B12 /* MonthlySavings.swift */ = {isa = PBXFileReference; lastKnownFileType = sourcecode.swift; path = MonthlySavings.swift; sourceTree = "<group>"; };
		00DB88AE2E75F72500201B12 /* ReviewIncomeView.swift */ = {isa = PBXFileReference; lastKnownFileType = sourcecode.swift; path = ReviewIncomeView.swift; sourceTree = "<group>"; };
		00DB88B02E76032F00201B12 /* CategoryIcons.swift */ = {isa = PBXFileReference; lastKnownFileType = sourcecode.swift; path = CategoryIcons.swift; sourceTree = "<group>"; };
		00F5790D2E70AB190041A410 /* ghostbill.app */ = {isa = PBXFileReference; explicitFileType = wrapper.application; includeInIndex = 0; path = ghostbill.app; sourceTree = BUILT_PRODUCTS_DIR; };
		00F579102E70AB190041A410 /* ghostbillApp.swift */ = {isa = PBXFileReference; lastKnownFileType = sourcecode.swift; path = ghostbillApp.swift; sourceTree = "<group>"; };
		00F579122E70AB190041A410 /* ContentView.swift */ = {isa = PBXFileReference; lastKnownFileType = sourcecode.swift; path = ContentView.swift; sourceTree = "<group>"; };
		00F579142E70AB1B0041A410 /* Assets.xcassets */ = {isa = PBXFileReference; lastKnownFileType = folder.assetcatalog; path = Assets.xcassets; sourceTree = "<group>"; };
		00F579172E70AB1B0041A410 /* Preview Assets.xcassets */ = {isa = PBXFileReference; lastKnownFileType = folder.assetcatalog; path = "Preview Assets.xcassets"; sourceTree = "<group>"; };
		00F5791D2E70AB1C0041A410 /* ghostbillTests.xctest */ = {isa = PBXFileReference; explicitFileType = wrapper.cfbundle; includeInIndex = 0; path = ghostbillTests.xctest; sourceTree = BUILT_PRODUCTS_DIR; };
		00F579212E70AB1C0041A410 /* ghostbillTests.swift */ = {isa = PBXFileReference; lastKnownFileType = sourcecode.swift; path = ghostbillTests.swift; sourceTree = "<group>"; };
		00F579272E70AB1C0041A410 /* ghostbillUITests.xctest */ = {isa = PBXFileReference; explicitFileType = wrapper.cfbundle; includeInIndex = 0; path = ghostbillUITests.xctest; sourceTree = BUILT_PRODUCTS_DIR; };
		00F5792B2E70AB1C0041A410 /* ghostbillUITests.swift */ = {isa = PBXFileReference; lastKnownFileType = sourcecode.swift; path = ghostbillUITests.swift; sourceTree = "<group>"; };
		00F5792D2E70AB1C0041A410 /* ghostbillUITestsLaunchTests.swift */ = {isa = PBXFileReference; lastKnownFileType = sourcecode.swift; path = ghostbillUITestsLaunchTests.swift; sourceTree = "<group>"; };
		00F5793B2E70BDC90041A410 /* Config.plist */ = {isa = PBXFileReference; lastKnownFileType = text.plist.xml; path = Config.plist; sourceTree = "<group>"; };
		00F5793D2E70C1450041A410 /* AppConfig.swift */ = {isa = PBXFileReference; lastKnownFileType = sourcecode.swift; path = AppConfig.swift; sourceTree = "<group>"; };
/* End PBXFileReference section */

/* Begin PBXFrameworksBuildPhase section */
		00F5790A2E70AB190041A410 /* Frameworks */ = {
			isa = PBXFrameworksBuildPhase;
			buildActionMask = 2147483647;
			files = (
				00D92BA62E70FF5E00EDD565 /* PostgREST in Frameworks */,
				00D92BA42E70FF5E00EDD565 /* Functions in Frameworks */,
				00D92BAC2E70FF5E00EDD565 /* Supabase in Frameworks */,
				00D92BA22E70FF5E00EDD565 /* Auth in Frameworks */,
				00D92BAA2E70FF5E00EDD565 /* Storage in Frameworks */,
				00D92BA82E70FF5E00EDD565 /* Realtime in Frameworks */,
			);
			runOnlyForDeploymentPostprocessing = 0;
		};
		00F5791A2E70AB1C0041A410 /* Frameworks */ = {
			isa = PBXFrameworksBuildPhase;
			buildActionMask = 2147483647;
			files = (
			);
			runOnlyForDeploymentPostprocessing = 0;
		};
		00F579242E70AB1C0041A410 /* Frameworks */ = {
			isa = PBXFrameworksBuildPhase;
			buildActionMask = 2147483647;
			files = (
			);
			runOnlyForDeploymentPostprocessing = 0;
		};
/* End PBXFrameworksBuildPhase section */

/* Begin PBXGroup section */
		00D92BA02E70FF5E00EDD565 /* Frameworks */ = {
			isa = PBXGroup;
			children = (
			);
			name = Frameworks;
			sourceTree = "<group>";
		};
		00F579042E70AB190041A410 = {
			isa = PBXGroup;
			children = (
				00F5790F2E70AB190041A410 /* ghostbill */,
				00F579202E70AB1C0041A410 /* ghostbillTests */,
				00F5792A2E70AB1C0041A410 /* ghostbillUITests */,
				00D92BA02E70FF5E00EDD565 /* Frameworks */,
				00F5790E2E70AB190041A410 /* Products */,
			);
			sourceTree = "<group>";
		};
		00F5790E2E70AB190041A410 /* Products */ = {
			isa = PBXGroup;
			children = (
				00F5790D2E70AB190041A410 /* ghostbill.app */,
				00F5791D2E70AB1C0041A410 /* ghostbillTests.xctest */,
				00F579272E70AB1C0041A410 /* ghostbillUITests.xctest */,
			);
			name = Products;
			sourceTree = "<group>";
		};
		00F5790F2E70AB190041A410 /* ghostbill */ = {
			isa = PBXGroup;
			children = (
				00B5B56C2E79009F0027EAC7 /* CategoryService.swift */,
				00262F092E768577004EC4C8 /* TransactionView.swift */,
				005F1FDD2E76711C00851FF7 /* TrendsAnalyticsView.swift */,
				005F1FDB2E76710500851FF7 /* SavingsAnalyticsView.swift */,
				005F1FD92E7670F200851FF7 /* SpendingAnalyticsView.swift */,
				00775F742E764EA5003D3225 /* SavingsHistoryListView.swift */,
				00775F722E76349A003D3225 /* HistoricalSavingsView.swift */,
				00DB88B02E76032F00201B12 /* CategoryIcons.swift */,
				00DB88AE2E75F72500201B12 /* ReviewIncomeView.swift */,
				00DB88AC2E75EFE300201B12 /* MonthlySavings.swift */,
				003D8B882E74E549001ACCF7 /* ReviewRecurringTransactionView.swift */,
				003D8B862E74E465001ACCF7 /* RecurringTransactionsService.swift */,
				009469092E73C8BC009F7EC0 /* UpcomingPaymentsSheet.swift */,
				009469052E73BC00009F7EC0 /* RecurringCalendar.swift */,
				009469042E73BBDC009F7EC0 /* Untitled.swift */,
				00CD33402E73993200313283 /* TransactionsSkeletonList.swift */,
				00CD333E2E73963E00313283 /* TransactionsService.swift */,
				00CD333C2E73808000313283 /* MerchantLexicon.swift */,
				00CD333A2E737B9400313283 /* Categorizer.swift */,
				00CD33382E73603D00313283 /* ReceiptOCR.swift */,
				00827B932E72790C00B9442A /* ReviewTransactionView.swift */,
				00827B912E726C8F00B9442A /* ReceiptScannerView.swift */,
				00D92BC22E7236CF00EDD565 /* Overview.swift */,
				00D92BC02E722EFD00EDD565 /* TransactionsList.swift */,
				00D92BBE2E72281300EDD565 /* OnboardingView.swift */,
				00D92BBC2E7223EB00EDD565 /* AnalyticsTab.swift */,
				00D92BBA2E7223C300EDD565 /* SavingsTab.swift */,
				00D92BB82E72239C00EDD565 /* RecurringTab.swift */,
				00D92BB62E72232800EDD565 /* HomeTab.swift */,
				00D92BB42E72196700EDD565 /* MainTabView.swift */,
				00D92BB02E72084300EDD565 /* RootView.swift */,
				00D92BAD2E71FA2700EDD565 /* Info.plist */,
				00D92B9D2E70FD9300EDD565 /* FloatingGhostView.swift */,
				00F579102E70AB190041A410 /* ghostbillApp.swift */,
				00F5793D2E70C1450041A410 /* AppConfig.swift */,
				00F579122E70AB190041A410 /* ContentView.swift */,
				00D92BAE2E72066300EDD565 /* SessionStore.swift */,
				00F5793B2E70BDC90041A410 /* Config.plist */,
				00F579142E70AB1B0041A410 /* Assets.xcassets */,
				00F579162E70AB1B0041A410 /* Preview Content */,
			);
			path = ghostbill;
			sourceTree = "<group>";
		};
		00F579162E70AB1B0041A410 /* Preview Content */ = {
			isa = PBXGroup;
			children = (
				00F579172E70AB1B0041A410 /* Preview Assets.xcassets */,
			);
			path = "Preview Content";
			sourceTree = "<group>";
		};
		00F579202E70AB1C0041A410 /* ghostbillTests */ = {
			isa = PBXGroup;
			children = (
				00F579212E70AB1C0041A410 /* ghostbillTests.swift */,
			);
			path = ghostbillTests;
			sourceTree = "<group>";
		};
		00F5792A2E70AB1C0041A410 /* ghostbillUITests */ = {
			isa = PBXGroup;
			children = (
				00F5792B2E70AB1C0041A410 /* ghostbillUITests.swift */,
				00F5792D2E70AB1C0041A410 /* ghostbillUITestsLaunchTests.swift */,
			);
			path = ghostbillUITests;
			sourceTree = "<group>";
		};
/* End PBXGroup section */

/* Begin PBXNativeTarget section */
		00F5790C2E70AB190041A410 /* ghostbill */ = {
			isa = PBXNativeTarget;
			buildConfigurationList = 00F579312E70AB1C0041A410 /* Build configuration list for PBXNativeTarget "ghostbill" */;
			buildPhases = (
				00F579092E70AB190041A410 /* Sources */,
				00F5790A2E70AB190041A410 /* Frameworks */,
				00F5790B2E70AB190041A410 /* Resources */,
			);
			buildRules = (
			);
			dependencies = (
			);
			name = ghostbill;
			productName = ghostbill;
			productReference = 00F5790D2E70AB190041A410 /* ghostbill.app */;
			productType = "com.apple.product-type.application";
		};
		00F5791C2E70AB1C0041A410 /* ghostbillTests */ = {
			isa = PBXNativeTarget;
			buildConfigurationList = 00F579342E70AB1C0041A410 /* Build configuration list for PBXNativeTarget "ghostbillTests" */;
			buildPhases = (
				00F579192E70AB1C0041A410 /* Sources */,
				00F5791A2E70AB1C0041A410 /* Frameworks */,
				00F5791B2E70AB1C0041A410 /* Resources */,
			);
			buildRules = (
			);
			dependencies = (
				00F5791F2E70AB1C0041A410 /* PBXTargetDependency */,
			);
			name = ghostbillTests;
			productName = ghostbillTests;
			productReference = 00F5791D2E70AB1C0041A410 /* ghostbillTests.xctest */;
			productType = "com.apple.product-type.bundle.unit-test";
		};
		00F579262E70AB1C0041A410 /* ghostbillUITests */ = {
			isa = PBXNativeTarget;
			buildConfigurationList = 00F579372E70AB1C0041A410 /* Build configuration list for PBXNativeTarget "ghostbillUITests" */;
			buildPhases = (
				00F579232E70AB1C0041A410 /* Sources */,
				00F579242E70AB1C0041A410 /* Frameworks */,
				00F579252E70AB1C0041A410 /* Resources */,
			);
			buildRules = (
			);
			dependencies = (
				00F579292E70AB1C0041A410 /* PBXTargetDependency */,
			);
			name = ghostbillUITests;
			productName = ghostbillUITests;
			productReference = 00F579272E70AB1C0041A410 /* ghostbillUITests.xctest */;
			productType = "com.apple.product-type.bundle.ui-testing";
		};
/* End PBXNativeTarget section */

/* Begin PBXProject section */
		00F579052E70AB190041A410 /* Project object */ = {
			isa = PBXProject;
			attributes = {
				BuildIndependentTargetsInParallel = 1;
				LastSwiftUpdateCheck = 1420;
				LastUpgradeCheck = 1420;
				TargetAttributes = {
					00F5790C2E70AB190041A410 = {
						CreatedOnToolsVersion = 14.2;
					};
					00F5791C2E70AB1C0041A410 = {
						CreatedOnToolsVersion = 14.2;
						TestTargetID = 00F5790C2E70AB190041A410;
					};
					00F579262E70AB1C0041A410 = {
						CreatedOnToolsVersion = 14.2;
						TestTargetID = 00F5790C2E70AB190041A410;
					};
				};
			};
			buildConfigurationList = 00F579082E70AB190041A410 /* Build configuration list for PBXProject "ghostbill" */;
			compatibilityVersion = "Xcode 14.0";
			developmentRegion = en;
			hasScannedForEncodings = 0;
			knownRegions = (
				en,
				Base,
			);
			mainGroup = 00F579042E70AB190041A410;
			packageReferences = (
				00D92B9F2E70FF0000EDD565 /* XCRemoteSwiftPackageReference "supabase-swift" */,
			);
			productRefGroup = 00F5790E2E70AB190041A410 /* Products */;
			projectDirPath = "";
			projectRoot = "";
			targets = (
				00F5790C2E70AB190041A410 /* ghostbill */,
				00F5791C2E70AB1C0041A410 /* ghostbillTests */,
				00F579262E70AB1C0041A410 /* ghostbillUITests */,
			);
		};
/* End PBXProject section */

/* Begin PBXResourcesBuildPhase section */
		00F5790B2E70AB190041A410 /* Resources */ = {
			isa = PBXResourcesBuildPhase;
			buildActionMask = 2147483647;
			files = (
				00F579182E70AB1B0041A410 /* Preview Assets.xcassets in Resources */,
				00F5793C2E70BDC90041A410 /* Config.plist in Resources */,
				00F579152E70AB1B0041A410 /* Assets.xcassets in Resources */,
			);
			runOnlyForDeploymentPostprocessing = 0;
		};
		00F5791B2E70AB1C0041A410 /* Resources */ = {
			isa = PBXResourcesBuildPhase;
			buildActionMask = 2147483647;
			files = (
			);
			runOnlyForDeploymentPostprocessing = 0;
		};
		00F579252E70AB1C0041A410 /* Resources */ = {
			isa = PBXResourcesBuildPhase;
			buildActionMask = 2147483647;
			files = (
			);
			runOnlyForDeploymentPostprocessing = 0;
		};
/* End PBXResourcesBuildPhase section */

/* Begin PBXSourcesBuildPhase section */
		00F579092E70AB190041A410 /* Sources */ = {
			isa = PBXSourcesBuildPhase;
			buildActionMask = 2147483647;
			files = (
				00D92BB92E7223A000EDD565 /* RecurringTab.swift in Sources */,
				00D92BBD2E7223F400EDD565 /* AnalyticsTab.swift in Sources */,
				00F5793E2E70C1450041A410 /* AppConfig.swift in Sources */,
				009469062E73BC04009F7EC0 /* RecurringCalendar.swift in Sources */,
				00DB88B12E76033200201B12 /* CategoryIcons.swift in Sources */,
				003D8B892E74E550001ACCF7 /* ReviewRecurringTransactionView.swift in Sources */,
				00CD333B2E737B9700313283 /* Categorizer.swift in Sources */,
				00D92BAF2E72066700EDD565 /* SessionStore.swift in Sources */,
				00827B922E726C9400B9442A /* ReceiptScannerView.swift in Sources */,
				0094690A2E73C8C2009F7EC0 /* UpcomingPaymentsSheet.swift in Sources */,
				005F1FDA2E7670F800851FF7 /* SpendingAnalyticsView.swift in Sources */,
				00D92BBB2E7223C800EDD565 /* SavingsTab.swift in Sources */,
				00D92BB52E72196C00EDD565 /* MainTabView.swift in Sources */,
				00262F0A2E768580004EC4C8 /* TransactionView.swift in Sources */,
				00CD33412E73993700313283 /* TransactionsSkeletonList.swift in Sources */,
				005F1FDE2E76712000851FF7 /* TrendsAnalyticsView.swift in Sources */,
				00D92BC32E7236D100EDD565 /* Overview.swift in Sources */,
				00DB88AF2E75F72900201B12 /* ReviewIncomeView.swift in Sources */,
				00CD333D2E73808300313283 /* MerchantLexicon.swift in Sources */,
				00D92BB12E72084700EDD565 /* RootView.swift in Sources */,
				003D8B872E74E472001ACCF7 /* RecurringTransactionsService.swift in Sources */,
				005F1FDC2E76710D00851FF7 /* SavingsAnalyticsView.swift in Sources */,
				00CD33392E73604000313283 /* ReceiptOCR.swift in Sources */,
				00DB88AD2E75EFE700201B12 /* MonthlySavings.swift in Sources */,
				00B5B56D2E7900A40027EAC7 /* CategoryService.swift in Sources */,
				00827B942E72791200B9442A /* ReviewTransactionView.swift in Sources */,
				00775F752E764EBB003D3225 /* SavingsHistoryListView.swift in Sources */,
				00F579132E70AB190041A410 /* ContentView.swift in Sources */,
				00775F732E76349D003D3225 /* HistoricalSavingsView.swift in Sources */,
				00D92B9E2E70FD9A00EDD565 /* FloatingGhostView.swift in Sources */,
				00D92BBF2E72281700EDD565 /* OnboardingView.swift in Sources */,
				00D92BB72E72233700EDD565 /* HomeTab.swift in Sources */,
				00F579112E70AB190041A410 /* ghostbillApp.swift in Sources */,
				00CD333F2E73964300313283 /* TransactionsService.swift in Sources */,
				00D92BC12E722F0100EDD565 /* TransactionsList.swift in Sources */,
			);
			runOnlyForDeploymentPostprocessing = 0;
		};
		00F579192E70AB1C0041A410 /* Sources */ = {
			isa = PBXSourcesBuildPhase;
			buildActionMask = 2147483647;
			files = (
				00F579222E70AB1C0041A410 /* ghostbillTests.swift in Sources */,
			);
			runOnlyForDeploymentPostprocessing = 0;
		};
		00F579232E70AB1C0041A410 /* Sources */ = {
			isa = PBXSourcesBuildPhase;
			buildActionMask = 2147483647;
			files = (
				00F5792C2E70AB1C0041A410 /* ghostbillUITests.swift in Sources */,
				00F5792E2E70AB1C0041A410 /* ghostbillUITestsLaunchTests.swift in Sources */,
			);
			runOnlyForDeploymentPostprocessing = 0;
		};
/* End PBXSourcesBuildPhase section */

/* Begin PBXTargetDependency section */
		00F5791F2E70AB1C0041A410 /* PBXTargetDependency */ = {
			isa = PBXTargetDependency;
			target = 00F5790C2E70AB190041A410 /* ghostbill */;
			targetProxy = 00F5791E2E70AB1C0041A410 /* PBXContainerItemProxy */;
		};
		00F579292E70AB1C0041A410 /* PBXTargetDependency */ = {
			isa = PBXTargetDependency;
			target = 00F5790C2E70AB190041A410 /* ghostbill */;
			targetProxy = 00F579282E70AB1C0041A410 /* PBXContainerItemProxy */;
		};
/* End PBXTargetDependency section */

/* Begin XCBuildConfiguration section */
		00F5792F2E70AB1C0041A410 /* Debug */ = {
			isa = XCBuildConfiguration;
			buildSettings = {
				ALWAYS_SEARCH_USER_PATHS = NO;
				CLANG_ANALYZER_NONNULL = YES;
				CLANG_ANALYZER_NUMBER_OBJECT_CONVERSION = YES_AGGRESSIVE;
				CLANG_CXX_LANGUAGE_STANDARD = "gnu++20";
				CLANG_ENABLE_MODULES = YES;
				CLANG_ENABLE_OBJC_ARC = YES;
				CLANG_ENABLE_OBJC_WEAK = YES;
				CLANG_WARN_BLOCK_CAPTURE_AUTORELEASING = YES;
				CLANG_WARN_BOOL_CONVERSION = YES;
				CLANG_WARN_COMMA = YES;
				CLANG_WARN_CONSTANT_CONVERSION = YES;
				CLANG_WARN_DEPRECATED_OBJC_IMPLEMENTATIONS = YES;
				CLANG_WARN_DIRECT_OBJC_ISA_USAGE = YES_ERROR;
				CLANG_WARN_DOCUMENTATION_COMMENTS = YES;
				CLANG_WARN_EMPTY_BODY = YES;
				CLANG_WARN_ENUM_CONVERSION = YES;
				CLANG_WARN_INFINITE_RECURSION = YES;
				CLANG_WARN_INT_CONVERSION = YES;
				CLANG_WARN_NON_LITERAL_NULL_CONVERSION = YES;
				CLANG_WARN_OBJC_IMPLICIT_RETAIN_SELF = YES;
				CLANG_WARN_OBJC_LITERAL_CONVERSION = YES;
				CLANG_WARN_OBJC_ROOT_CLASS = YES_ERROR;
				CLANG_WARN_QUOTED_INCLUDE_IN_FRAMEWORK_HEADER = YES;
				CLANG_WARN_RANGE_LOOP_ANALYSIS = YES;
				CLANG_WARN_STRICT_PROTOTYPES = YES;
				CLANG_WARN_SUSPICIOUS_MOVE = YES;
				CLANG_WARN_UNGUARDED_AVAILABILITY = YES_AGGRESSIVE;
				CLANG_WARN_UNREACHABLE_CODE = YES;
				CLANG_WARN__DUPLICATE_METHOD_MATCH = YES;
				COPY_PHASE_STRIP = NO;
				DEBUG_INFORMATION_FORMAT = dwarf;
				ENABLE_STRICT_OBJC_MSGSEND = YES;
				ENABLE_TESTABILITY = YES;
				GCC_C_LANGUAGE_STANDARD = gnu11;
				GCC_DYNAMIC_NO_PIC = NO;
				GCC_NO_COMMON_BLOCKS = YES;
				GCC_OPTIMIZATION_LEVEL = 0;
				GCC_PREPROCESSOR_DEFINITIONS = (
					"DEBUG=1",
					"$(inherited)",
				);
				GCC_WARN_64_TO_32_BIT_CONVERSION = YES;
				GCC_WARN_ABOUT_RETURN_TYPE = YES_ERROR;
				GCC_WARN_UNDECLARED_SELECTOR = YES;
				GCC_WARN_UNINITIALIZED_AUTOS = YES_AGGRESSIVE;
				GCC_WARN_UNUSED_FUNCTION = YES;
				GCC_WARN_UNUSED_VARIABLE = YES;
				IPHONEOS_DEPLOYMENT_TARGET = 16.2;
				MTL_ENABLE_DEBUG_INFO = INCLUDE_SOURCE;
				MTL_FAST_MATH = YES;
				ONLY_ACTIVE_ARCH = YES;
				SDKROOT = iphoneos;
				SWIFT_ACTIVE_COMPILATION_CONDITIONS = DEBUG;
				SWIFT_OPTIMIZATION_LEVEL = "-Onone";
			};
			name = Debug;
		};
		00F579302E70AB1C0041A410 /* Release */ = {
			isa = XCBuildConfiguration;
			buildSettings = {
				ALWAYS_SEARCH_USER_PATHS = NO;
				CLANG_ANALYZER_NONNULL = YES;
				CLANG_ANALYZER_NUMBER_OBJECT_CONVERSION = YES_AGGRESSIVE;
				CLANG_CXX_LANGUAGE_STANDARD = "gnu++20";
				CLANG_ENABLE_MODULES = YES;
				CLANG_ENABLE_OBJC_ARC = YES;
				CLANG_ENABLE_OBJC_WEAK = YES;
				CLANG_WARN_BLOCK_CAPTURE_AUTORELEASING = YES;
				CLANG_WARN_BOOL_CONVERSION = YES;
				CLANG_WARN_COMMA = YES;
				CLANG_WARN_CONSTANT_CONVERSION = YES;
				CLANG_WARN_DEPRECATED_OBJC_IMPLEMENTATIONS = YES;
				CLANG_WARN_DIRECT_OBJC_ISA_USAGE = YES_ERROR;
				CLANG_WARN_DOCUMENTATION_COMMENTS = YES;
				CLANG_WARN_EMPTY_BODY = YES;
				CLANG_WARN_ENUM_CONVERSION = YES;
				CLANG_WARN_INFINITE_RECURSION = YES;
				CLANG_WARN_INT_CONVERSION = YES;
				CLANG_WARN_NON_LITERAL_NULL_CONVERSION = YES;
				CLANG_WARN_OBJC_IMPLICIT_RETAIN_SELF = YES;
				CLANG_WARN_OBJC_LITERAL_CONVERSION = YES;
				CLANG_WARN_OBJC_ROOT_CLASS = YES_ERROR;
				CLANG_WARN_QUOTED_INCLUDE_IN_FRAMEWORK_HEADER = YES;
				CLANG_WARN_RANGE_LOOP_ANALYSIS = YES;
				CLANG_WARN_STRICT_PROTOTYPES = YES;
				CLANG_WARN_SUSPICIOUS_MOVE = YES;
				CLANG_WARN_UNGUARDED_AVAILABILITY = YES_AGGRESSIVE;
				CLANG_WARN_UNREACHABLE_CODE = YES;
				CLANG_WARN__DUPLICATE_METHOD_MATCH = YES;
				COPY_PHASE_STRIP = NO;
				DEBUG_INFORMATION_FORMAT = "dwarf-with-dsym";
				ENABLE_NS_ASSERTIONS = NO;
				ENABLE_STRICT_OBJC_MSGSEND = YES;
				GCC_C_LANGUAGE_STANDARD = gnu11;
				GCC_NO_COMMON_BLOCKS = YES;
				GCC_WARN_64_TO_32_BIT_CONVERSION = YES;
				GCC_WARN_ABOUT_RETURN_TYPE = YES_ERROR;
				GCC_WARN_UNDECLARED_SELECTOR = YES;
				GCC_WARN_UNINITIALIZED_AUTOS = YES_AGGRESSIVE;
				GCC_WARN_UNUSED_FUNCTION = YES;
				GCC_WARN_UNUSED_VARIABLE = YES;
				IPHONEOS_DEPLOYMENT_TARGET = 16.2;
				MTL_ENABLE_DEBUG_INFO = NO;
				MTL_FAST_MATH = YES;
				SDKROOT = iphoneos;
				SWIFT_COMPILATION_MODE = wholemodule;
				SWIFT_OPTIMIZATION_LEVEL = "-O";
				VALIDATE_PRODUCT = YES;
			};
			name = Release;
		};
		00F579322E70AB1C0041A410 /* Debug */ = {
			isa = XCBuildConfiguration;
			buildSettings = {
				ASSETCATALOG_COMPILER_APPICON_NAME = AppIcon;
				ASSETCATALOG_COMPILER_GLOBAL_ACCENT_COLOR_NAME = AccentColor;
				ASSETCATALOG_COMPILER_INCLUDE_ALL_APPICON_ASSETS = NO;
				CODE_SIGN_STYLE = Automatic;
				CURRENT_PROJECT_VERSION = 1;
				DEVELOPMENT_ASSET_PATHS = "\"ghostbill/Preview Content\"";
				DEVELOPMENT_TEAM = 83KFX75RCB;
				ENABLE_PREVIEWS = YES;
				GENERATE_INFOPLIST_FILE = YES;
				INFOPLIST_FILE = ghostbill/Info.plist;
				INFOPLIST_KEY_UIApplicationSceneManifest_Generation = YES;
				INFOPLIST_KEY_UIApplicationSupportsIndirectInputEvents = YES;
				INFOPLIST_KEY_UILaunchScreen_Generation = YES;
				INFOPLIST_KEY_UISupportedInterfaceOrientations_iPad = "UIInterfaceOrientationPortrait UIInterfaceOrientationPortraitUpsideDown UIInterfaceOrientationLandscapeLeft UIInterfaceOrientationLandscapeRight";
				INFOPLIST_KEY_UISupportedInterfaceOrientations_iPhone = "UIInterfaceOrientationPortrait UIInterfaceOrientationLandscapeLeft UIInterfaceOrientationLandscapeRight";
				IPHONEOS_DEPLOYMENT_TARGET = 16.0;
				LD_RUNPATH_SEARCH_PATHS = (
					"$(inherited)",
					"@executable_path/Frameworks",
				);
				MARKETING_VERSION = 1.0;
				PRODUCT_BUNDLE_IDENTIFIER = com.ghostbill;
				PRODUCT_NAME = "$(TARGET_NAME)";
				SWIFT_EMIT_LOC_STRINGS = YES;
				SWIFT_VERSION = 5.0;
				TARGETED_DEVICE_FAMILY = "1,2";
			};
			name = Debug;
		};
		00F579332E70AB1C0041A410 /* Release */ = {
			isa = XCBuildConfiguration;
			buildSettings = {
				ASSETCATALOG_COMPILER_APPICON_NAME = AppIcon;
				ASSETCATALOG_COMPILER_GLOBAL_ACCENT_COLOR_NAME = AccentColor;
				ASSETCATALOG_COMPILER_INCLUDE_ALL_APPICON_ASSETS = NO;
				CODE_SIGN_STYLE = Automatic;
				CURRENT_PROJECT_VERSION = 1;
				DEVELOPMENT_ASSET_PATHS = "\"ghostbill/Preview Content\"";
				DEVELOPMENT_TEAM = 83KFX75RCB;
				ENABLE_PREVIEWS = YES;
				GENERATE_INFOPLIST_FILE = YES;
				INFOPLIST_FILE = ghostbill/Info.plist;
				INFOPLIST_KEY_UIApplicationSceneManifest_Generation = YES;
				INFOPLIST_KEY_UIApplicationSupportsIndirectInputEvents = YES;
				INFOPLIST_KEY_UILaunchScreen_Generation = YES;
				INFOPLIST_KEY_UISupportedInterfaceOrientations_iPad = "UIInterfaceOrientationPortrait UIInterfaceOrientationPortraitUpsideDown UIInterfaceOrientationLandscapeLeft UIInterfaceOrientationLandscapeRight";
				INFOPLIST_KEY_UISupportedInterfaceOrientations_iPhone = "UIInterfaceOrientationPortrait UIInterfaceOrientationLandscapeLeft UIInterfaceOrientationLandscapeRight";
				IPHONEOS_DEPLOYMENT_TARGET = 16.0;
				LD_RUNPATH_SEARCH_PATHS = (
					"$(inherited)",
					"@executable_path/Frameworks",
				);
				MARKETING_VERSION = 1.0;
				PRODUCT_BUNDLE_IDENTIFIER = com.ghostbill;
				PRODUCT_NAME = "$(TARGET_NAME)";
				SWIFT_EMIT_LOC_STRINGS = YES;
				SWIFT_VERSION = 5.0;
				TARGETED_DEVICE_FAMILY = "1,2";
			};
			name = Release;
		};
		00F579352E70AB1C0041A410 /* Debug */ = {
			isa = XCBuildConfiguration;
			buildSettings = {
				ALWAYS_EMBED_SWIFT_STANDARD_LIBRARIES = YES;
				BUNDLE_LOADER = "$(TEST_HOST)";
				CODE_SIGN_STYLE = Automatic;
				CURRENT_PROJECT_VERSION = 1;
				GENERATE_INFOPLIST_FILE = YES;
				IPHONEOS_DEPLOYMENT_TARGET = 16.2;
				MARKETING_VERSION = 1.0;
				PRODUCT_BUNDLE_IDENTIFIER = com.ghostbillTests;
				PRODUCT_NAME = "$(TARGET_NAME)";
				SWIFT_EMIT_LOC_STRINGS = NO;
				SWIFT_VERSION = 5.0;
				TARGETED_DEVICE_FAMILY = "1,2";
				TEST_HOST = "$(BUILT_PRODUCTS_DIR)/ghostbill.app/$(BUNDLE_EXECUTABLE_FOLDER_PATH)/ghostbill";
			};
			name = Debug;
		};
		00F579362E70AB1C0041A410 /* Release */ = {
			isa = XCBuildConfiguration;
			buildSettings = {
				ALWAYS_EMBED_SWIFT_STANDARD_LIBRARIES = YES;
				BUNDLE_LOADER = "$(TEST_HOST)";
				CODE_SIGN_STYLE = Automatic;
				CURRENT_PROJECT_VERSION = 1;
				GENERATE_INFOPLIST_FILE = YES;
				IPHONEOS_DEPLOYMENT_TARGET = 16.2;
				MARKETING_VERSION = 1.0;
				PRODUCT_BUNDLE_IDENTIFIER = com.ghostbillTests;
				PRODUCT_NAME = "$(TARGET_NAME)";
				SWIFT_EMIT_LOC_STRINGS = NO;
				SWIFT_VERSION = 5.0;
				TARGETED_DEVICE_FAMILY = "1,2";
				TEST_HOST = "$(BUILT_PRODUCTS_DIR)/ghostbill.app/$(BUNDLE_EXECUTABLE_FOLDER_PATH)/ghostbill";
			};
			name = Release;
		};
		00F579382E70AB1C0041A410 /* Debug */ = {
			isa = XCBuildConfiguration;
			buildSettings = {
				ALWAYS_EMBED_SWIFT_STANDARD_LIBRARIES = YES;
				CODE_SIGN_STYLE = Automatic;
				CURRENT_PROJECT_VERSION = 1;
				GENERATE_INFOPLIST_FILE = YES;
				MARKETING_VERSION = 1.0;
				PRODUCT_BUNDLE_IDENTIFIER = com.ghostbillUITests;
				PRODUCT_NAME = "$(TARGET_NAME)";
				SWIFT_EMIT_LOC_STRINGS = NO;
				SWIFT_VERSION = 5.0;
				TARGETED_DEVICE_FAMILY = "1,2";
				TEST_TARGET_NAME = ghostbill;
			};
			name = Debug;
		};
		00F579392E70AB1C0041A410 /* Release */ = {
			isa = XCBuildConfiguration;
			buildSettings = {
				ALWAYS_EMBED_SWIFT_STANDARD_LIBRARIES = YES;
				CODE_SIGN_STYLE = Automatic;
				CURRENT_PROJECT_VERSION = 1;
				GENERATE_INFOPLIST_FILE = YES;
				MARKETING_VERSION = 1.0;
				PRODUCT_BUNDLE_IDENTIFIER = com.ghostbillUITests;
				PRODUCT_NAME = "$(TARGET_NAME)";
				SWIFT_EMIT_LOC_STRINGS = NO;
				SWIFT_VERSION = 5.0;
				TARGETED_DEVICE_FAMILY = "1,2";
				TEST_TARGET_NAME = ghostbill;
			};
			name = Release;
		};
/* End XCBuildConfiguration section */

/* Begin XCConfigurationList section */
		00F579082E70AB190041A410 /* Build configuration list for PBXProject "ghostbill" */ = {
			isa = XCConfigurationList;
			buildConfigurations = (
				00F5792F2E70AB1C0041A410 /* Debug */,
				00F579302E70AB1C0041A410 /* Release */,
			);
			defaultConfigurationIsVisible = 0;
			defaultConfigurationName = Release;
		};
		00F579312E70AB1C0041A410 /* Build configuration list for PBXNativeTarget "ghostbill" */ = {
			isa = XCConfigurationList;
			buildConfigurations = (
				00F579322E70AB1C0041A410 /* Debug */,
				00F579332E70AB1C0041A410 /* Release */,
			);
			defaultConfigurationIsVisible = 0;
			defaultConfigurationName = Release;
		};
		00F579342E70AB1C0041A410 /* Build configuration list for PBXNativeTarget "ghostbillTests" */ = {
			isa = XCConfigurationList;
			buildConfigurations = (
				00F579352E70AB1C0041A410 /* Debug */,
				00F579362E70AB1C0041A410 /* Release */,
			);
			defaultConfigurationIsVisible = 0;
			defaultConfigurationName = Release;
		};
		00F579372E70AB1C0041A410 /* Build configuration list for PBXNativeTarget "ghostbillUITests" */ = {
			isa = XCConfigurationList;
			buildConfigurations = (
				00F579382E70AB1C0041A410 /* Debug */,
				00F579392E70AB1C0041A410 /* Release */,
			);
			defaultConfigurationIsVisible = 0;
			defaultConfigurationName = Release;
		};
/* End XCConfigurationList section */

/* Begin XCRemoteSwiftPackageReference section */
		00D92B9F2E70FF0000EDD565 /* XCRemoteSwiftPackageReference "supabase-swift" */ = {
			isa = XCRemoteSwiftPackageReference;
			repositoryURL = "https://github.com/supabase-community/supabase-swift";
			requirement = {
				kind = upToNextMajorVersion;
				minimumVersion = 2.5.1;
			};
		};
/* End XCRemoteSwiftPackageReference section */

/* Begin XCSwiftPackageProductDependency section */
		00D92BA12E70FF5E00EDD565 /* Auth */ = {
			isa = XCSwiftPackageProductDependency;
			package = 00D92B9F2E70FF0000EDD565 /* XCRemoteSwiftPackageReference "supabase-swift" */;
			productName = Auth;
		};
		00D92BA32E70FF5E00EDD565 /* Functions */ = {
			isa = XCSwiftPackageProductDependency;
			package = 00D92B9F2E70FF0000EDD565 /* XCRemoteSwiftPackageReference "supabase-swift" */;
			productName = Functions;
		};
		00D92BA52E70FF5E00EDD565 /* PostgREST */ = {
			isa = XCSwiftPackageProductDependency;
			package = 00D92B9F2E70FF0000EDD565 /* XCRemoteSwiftPackageReference "supabase-swift" */;
			productName = PostgREST;
		};
		00D92BA72E70FF5E00EDD565 /* Realtime */ = {
			isa = XCSwiftPackageProductDependency;
			package = 00D92B9F2E70FF0000EDD565 /* XCRemoteSwiftPackageReference "supabase-swift" */;
			productName = Realtime;
		};
		00D92BA92E70FF5E00EDD565 /* Storage */ = {
			isa = XCSwiftPackageProductDependency;
			package = 00D92B9F2E70FF0000EDD565 /* XCRemoteSwiftPackageReference "supabase-swift" */;
			productName = Storage;
		};
		00D92BAB2E70FF5E00EDD565 /* Supabase */ = {
			isa = XCSwiftPackageProductDependency;
			package = 00D92B9F2E70FF0000EDD565 /* XCRemoteSwiftPackageReference "supabase-swift" */;
			productName = Supabase;
		};
/* End XCSwiftPackageProductDependency section */
	};
	rootObject = 00F579052E70AB190041A410 /* Project object */;
}
